
Microsoft Visual Studio Solution File, Format Version 12.00
# Visual Studio Version 16
VisualStudioVersion = 16.0.31729.503
MinimumVisualStudioVersion = 10.0.40219.1
Project("{FAE04EC0-301F-11D3-BF4B-00C04F79EFBC}") = "ApiPeliculas", "ApiPeliculas\ApiPeliculas.csproj", "{B5B44A42-6C3F-4CFD-8556-AC0F13FBEDAA}"
EndProject
Global
	GlobalSection(SolutionConfigurationPlatforms) = preSolution
		Debug|Any CPU = Debug|Any CPU
		Release|Any CPU = Release|Any CPU
	EndGlobalSection
	GlobalSection(ProjectConfigurationPlatforms) = postSolution
		{B5B44A42-6C3F-4CFD-8556-AC0F13FBEDAA}.Debug|Any CPU.ActiveCfg = Debug|Any CPU
		{B5B44A42-6C3F-4CFD-8556-AC0F13FBEDAA}.Debug|Any CPU.Build.0 = Debug|Any CPU
		{B5B44A42-6C3F-4CFD-8556-AC0F13FBEDAA}.Release|Any CPU.ActiveCfg = Release|Any CPU
		{B5B44A42-6C3F-4CFD-8556-AC0F13FBEDAA}.Release|Any CPU.Build.0 = Release|Any CPU
	EndGlobalSection
	GlobalSection(SolutionProperties) = preSolution
		HideSolutionNode = FALSE
	EndGlobalSection
	GlobalSection(ExtensibilityGlobals) = postSolution
		SolutionGuid = {553A2EF7-658D-409B-8B2F-0EF2B38B5B2F}
	EndGlobalSection
EndGlobal
